// !$*UTF8*$!
{
	archiveVersion = 1;
	classes = {
	};
	objectVersion = 46;
	objects = {

/* Begin PBXBuildFile section */
		BFEB2F301AA2F06600AA7D3B /* AppDelegate.swift in Sources */ = {isa = PBXBuildFile; fileRef = BFEB2F2F1AA2F06600AA7D3B /* AppDelegate.swift */; };
		BFEB2F321AA2F06600AA7D3B /* ViewController.swift in Sources */ = {isa = PBXBuildFile; fileRef = BFEB2F311AA2F06600AA7D3B /* ViewController.swift */; };
		BFEB2F351AA2F06600AA7D3B /* Main.storyboard in Resources */ = {isa = PBXBuildFile; fileRef = BFEB2F331AA2F06600AA7D3B /* Main.storyboard */; };
		BFEB2F371AA2F06600AA7D3B /* Images.xcassets in Resources */ = {isa = PBXBuildFile; fileRef = BFEB2F361AA2F06600AA7D3B /* Images.xcassets */; };
		BFEB2F3A1AA2F06600AA7D3B /* LaunchScreen.xib in Resources */ = {isa = PBXBuildFile; fileRef = BFEB2F381AA2F06600AA7D3B /* LaunchScreen.xib */; };
		BFEB2F461AA2F06600AA7D3B /* RyanAppTests.swift in Sources */ = {isa = PBXBuildFile; fileRef = BFEB2F451AA2F06600AA7D3B /* RyanAppTests.swift */; };
		BFEB2F501AA33B6300AA7D3B /* RyanProfileViewController.swift in Sources */ = {isa = PBXBuildFile; fileRef = BFEB2F4F1AA33B6300AA7D3B /* RyanProfileViewController.swift */; };
/* End PBXBuildFile section */

/* Begin PBXContainerItemProxy section */
		BFEB2F401AA2F06600AA7D3B /* PBXContainerItemProxy */ = {
			isa = PBXContainerItemProxy;
			containerPortal = BFEB2F221AA2F06600AA7D3B /* Project object */;
			proxyType = 1;
			remoteGlobalIDString = BFEB2F291AA2F06600AA7D3B;
			remoteInfo = RyanApp;
		};
/* End PBXContainerItemProxy section */

/* Begin PBXFileReference section */
		BFEB2F2A1AA2F06600AA7D3B /* RyanApp.app */ = {isa = PBXFileReference; explicitFileType = wrapper.application; includeInIndex = 0; path = RyanApp.app; sourceTree = BUILT_PRODUCTS_DIR; };
		BFEB2F2E1AA2F06600AA7D3B /* Info.plist */ = {isa = PBXFileReference; lastKnownFileType = text.plist.xml; path = Info.plist; sourceTree = "<group>"; };
		BFEB2F2F1AA2F06600AA7D3B /* AppDelegate.swift */ = {isa = PBXFileReference; lastKnownFileType = sourcecode.swift; path = AppDelegate.swift; sourceTree = "<group>"; };
		BFEB2F311AA2F06600AA7D3B /* ViewController.swift */ = {isa = PBXFileReference; lastKnownFileType = sourcecode.swift; path = ViewController.swift; sourceTree = "<group>"; };
		BFEB2F341AA2F06600AA7D3B /* Base */ = {isa = PBXFileReference; lastKnownFileType = file.storyboard; name = Base; path = Base.lproj/Main.storyboard; sourceTree = "<group>"; };
		BFEB2F361AA2F06600AA7D3B /* Images.xcassets */ = {isa = PBXFileReference; lastKnownFileType = folder.assetcatalog; path = Images.xcassets; sourceTree = "<group>"; };
		BFEB2F391AA2F06600AA7D3B /* Base */ = {isa = PBXFileReference; lastKnownFileType = file.xib; name = Base; path = Base.lproj/LaunchScreen.xib; sourceTree = "<group>"; };
		BFEB2F3F1AA2F06600AA7D3B /* RyanAppTests.xctest */ = {isa = PBXFileReference; explicitFileType = wrapper.cfbundle; includeInIndex = 0; path = RyanAppTests.xctest; sourceTree = BUILT_PRODUCTS_DIR; };
		BFEB2F441AA2F06600AA7D3B /* Info.plist */ = {isa = PBXFileReference; lastKnownFileType = text.plist.xml; path = Info.plist; sourceTree = "<group>"; };
		BFEB2F451AA2F06600AA7D3B /* RyanAppTests.swift */ = {isa = PBXFileReference; lastKnownFileType = sourcecode.swift; path = RyanAppTests.swift; sourceTree = "<group>"; };
		BFEB2F4F1AA33B6300AA7D3B /* RyanProfileViewController.swift */ = {isa = PBXFileReference; fileEncoding = 4; lastKnownFileType = sourcecode.swift; name = RyanProfileViewController.swift; path = ViewControllers/RyanProfileViewController.swift; sourceTree = "<group>"; };
/* End PBXFileReference section */

/* Begin PBXFrameworksBuildPhase section */
		BFEB2F271AA2F06600AA7D3B /* Frameworks */ = {
			isa = PBXFrameworksBuildPhase;
			buildActionMask = 2147483647;
			files = (
			);
			runOnlyForDeploymentPostprocessing = 0;
		};
		BFEB2F3C1AA2F06600AA7D3B /* Frameworks */ = {
			isa = PBXFrameworksBuildPhase;
			buildActionMask = 2147483647;
			files = (
			);
			runOnlyForDeploymentPostprocessing = 0;
		};
/* End PBXFrameworksBuildPhase section */

/* Begin PBXGroup section */
		BFEB2F211AA2F06600AA7D3B = {
			isa = PBXGroup;
			children = (
				BFEB2F2C1AA2F06600AA7D3B /* RyanApp */,
				BFEB2F421AA2F06600AA7D3B /* RyanAppTests */,
				BFEB2F2B1AA2F06600AA7D3B /* Products */,
			);
			sourceTree = "<group>";
		};
		BFEB2F2B1AA2F06600AA7D3B /* Products */ = {
			isa = PBXGroup;
			children = (
				BFEB2F2A1AA2F06600AA7D3B /* RyanApp.app */,
				BFEB2F3F1AA2F06600AA7D3B /* RyanAppTests.xctest */,
			);
			name = Products;
			sourceTree = "<group>";
		};
		BFEB2F2C1AA2F06600AA7D3B /* RyanApp */ = {
			isa = PBXGroup;
			children = (
				BFEB2F2F1AA2F06600AA7D3B /* AppDelegate.swift */,
				BFEB2F311AA2F06600AA7D3B /* ViewController.swift */,
				BFEB2F331AA2F06600AA7D3B /* Main.storyboard */,
				BFEB2F4F1AA33B6300AA7D3B /* RyanProfileViewController.swift */,
				BFEB2F361AA2F06600AA7D3B /* Images.xcassets */,
				BFEB2F381AA2F06600AA7D3B /* LaunchScreen.xib */,
				BFEB2F2D1AA2F06600AA7D3B /* Supporting Files */,
			);
			path = RyanApp;
			sourceTree = "<group>";
		};
		BFEB2F2D1AA2F06600AA7D3B /* Supporting Files */ = {
			isa = PBXGroup;
			children = (
				BFEB2F2E1AA2F06600AA7D3B /* Info.plist */,
			);
			name = "Supporting Files";
			sourceTree = "<group>";
		};
		BFEB2F421AA2F06600AA7D3B /* RyanAppTests */ = {
			isa = PBXGroup;
			children = (
				BFEB2F451AA2F06600AA7D3B /* RyanAppTests.swift */,
				BFEB2F431AA2F06600AA7D3B /* Supporting Files */,
			);
			path = RyanAppTests;
			sourceTree = "<group>";
		};
		BFEB2F431AA2F06600AA7D3B /* Supporting Files */ = {
			isa = PBXGroup;
			children = (
				BFEB2F441AA2F06600AA7D3B /* Info.plist */,
			);
			name = "Supporting Files";
			sourceTree = "<group>";
		};
/* End PBXGroup section */

/* Begin PBXNativeTarget section */
		BFEB2F291AA2F06600AA7D3B /* RyanApp */ = {
			isa = PBXNativeTarget;
			buildConfigurationList = BFEB2F491AA2F06600AA7D3B /* Build configuration list for PBXNativeTarget "RyanApp" */;
			buildPhases = (
				BFEB2F261AA2F06600AA7D3B /* Sources */,
				BFEB2F271AA2F06600AA7D3B /* Frameworks */,
				BFEB2F281AA2F06600AA7D3B /* Resources */,
			);
			buildRules = (
			);
			dependencies = (
			);
			name = RyanApp;
			productName = RyanApp;
			productReference = BFEB2F2A1AA2F06600AA7D3B /* RyanApp.app */;
			productType = "com.apple.product-type.application";
		};
		BFEB2F3E1AA2F06600AA7D3B /* RyanAppTests */ = {
			isa = PBXNativeTarget;
			buildConfigurationList = BFEB2F4C1AA2F06600AA7D3B /* Build configuration list for PBXNativeTarget "RyanAppTests" */;
			buildPhases = (
				BFEB2F3B1AA2F06600AA7D3B /* Sources */,
				BFEB2F3C1AA2F06600AA7D3B /* Frameworks */,
				BFEB2F3D1AA2F06600AA7D3B /* Resources */,
			);
			buildRules = (
			);
			dependencies = (
				BFEB2F411AA2F06600AA7D3B /* PBXTargetDependency */,
			);
			name = RyanAppTests;
			productName = RyanAppTests;
			productReference = BFEB2F3F1AA2F06600AA7D3B /* RyanAppTests.xctest */;
			productType = "com.apple.product-type.bundle.unit-test";
		};
/* End PBXNativeTarget section */

/* Begin PBXProject section */
		BFEB2F221AA2F06600AA7D3B /* Project object */ = {
			isa = PBXProject;
			attributes = {
				LastUpgradeCheck = 0610;
				ORGANIZATIONNAME = rnwcorp;
				TargetAttributes = {
					BFEB2F291AA2F06600AA7D3B = {
						CreatedOnToolsVersion = 6.1.1;
					};
					BFEB2F3E1AA2F06600AA7D3B = {
						CreatedOnToolsVersion = 6.1.1;
						TestTargetID = BFEB2F291AA2F06600AA7D3B;
					};
				};
			};
			buildConfigurationList = BFEB2F251AA2F06600AA7D3B /* Build configuration list for PBXProject "RyanApp" */;
			compatibilityVersion = "Xcode 3.2";
			developmentRegion = English;
			hasScannedForEncodings = 0;
			knownRegions = (
				en,
				Base,
			);
			mainGroup = BFEB2F211AA2F06600AA7D3B;
			productRefGroup = BFEB2F2B1AA2F06600AA7D3B /* Products */;
			projectDirPath = "";
			projectRoot = "";
			targets = (
				BFEB2F291AA2F06600AA7D3B /* RyanApp */,
				BFEB2F3E1AA2F06600AA7D3B /* RyanAppTests */,
			);
		};
/* End PBXProject section */

/* Begin PBXResourcesBuildPhase section */
		BFEB2F281AA2F06600AA7D3B /* Resources */ = {
			isa = PBXResourcesBuildPhase;
			buildActionMask = 2147483647;
			files = (
				BFEB2F351AA2F06600AA7D3B /* Main.storyboard in Resources */,
				BFEB2F3A1AA2F06600AA7D3B /* LaunchScreen.xib in Resources */,
				BFEB2F371AA2F06600AA7D3B /* Images.xcassets in Resources */,
			);
			runOnlyForDeploymentPostprocessing = 0;
		};
		BFEB2F3D1AA2F06600AA7D3B /* Resources */ = {
			isa = PBXResourcesBuildPhase;
			buildActionMask = 2147483647;
			files = (
			);
			runOnlyForDeploymentPostprocessing = 0;
		};
/* End PBXResourcesBuildPhase section */

/* Begin PBXSourcesBuildPhase section */
		BFEB2F261AA2F06600AA7D3B /* Sources */ = {
			isa = PBXSourcesBuildPhase;
			buildActionMask = 2147483647;
			files = (
				BFEB2F501AA33B6300AA7D3B /* RyanProfileViewController.swift in Sources */,
				BFEB2F321AA2F06600AA7D3B /* ViewController.swift in Sources */,
				BFEB2F301AA2F06600AA7D3B /* AppDelegate.swift in Sources */,
			);
			runOnlyForDeploymentPostprocessing = 0;
		};
		BFEB2F3B1AA2F06600AA7D3B /* Sources */ = {
			isa = PBXSourcesBuildPhase;
			buildActionMask = 2147483647;
			files = (
				BFEB2F461AA2F06600AA7D3B /* RyanAppTests.swift in Sources */,
			);
			runOnlyForDeploymentPostprocessing = 0;
		};
/* End PBXSourcesBuildPhase section */

/* Begin PBXTargetDependency section */
		BFEB2F411AA2F06600AA7D3B /* PBXTargetDependency */ = {
			isa = PBXTargetDependency;
			target = BFEB2F291AA2F06600AA7D3B /* RyanApp */;
			targetProxy = BFEB2F401AA2F06600AA7D3B /* PBXContainerItemProxy */;
		};
/* End PBXTargetDependency section */

/* Begin PBXVariantGroup section */
		BFEB2F331AA2F06600AA7D3B /* Main.storyboard */ = {
			isa = PBXVariantGroup;
			children = (
				BFEB2F341AA2F06600AA7D3B /* Base */,
			);
			name = Main.storyboard;
			sourceTree = "<group>";
		};
		BFEB2F381AA2F06600AA7D3B /* LaunchScreen.xib */ = {
			isa = PBXVariantGroup;
			children = (
				BFEB2F391AA2F06600AA7D3B /* Base */,
			);
			name = LaunchScreen.xib;
			sourceTree = "<group>";
		};
/* End PBXVariantGroup section */

/* Begin XCBuildConfiguration section */
		BFEB2F471AA2F06600AA7D3B /* Debug */ = {
			isa = XCBuildConfiguration;
			buildSettings = {
				ALWAYS_SEARCH_USER_PATHS = NO;
				CLANG_CXX_LANGUAGE_STANDARD = "gnu++0x";
				CLANG_CXX_LIBRARY = "libc++";
				CLANG_ENABLE_MODULES = YES;
				CLANG_ENABLE_OBJC_ARC = YES;
				CLANG_WARN_BOOL_CONVERSION = YES;
				CLANG_WARN_CONSTANT_CONVERSION = YES;
				CLANG_WARN_DIRECT_OBJC_ISA_USAGE = YES_ERROR;
				CLANG_WARN_EMPTY_BODY = YES;
				CLANG_WARN_ENUM_CONVERSION = YES;
				CLANG_WARN_INT_CONVERSION = YES;
				CLANG_WARN_OBJC_ROOT_CLASS = YES_ERROR;
				CLANG_WARN_UNREACHABLE_CODE = YES;
				CLANG_WARN__DUPLICATE_METHOD_MATCH = YES;
				"CODE_SIGN_IDENTITY[sdk=iphoneos*]" = "iPhone Developer";
				COPY_PHASE_STRIP = NO;
				ENABLE_STRICT_OBJC_MSGSEND = YES;
				GCC_C_LANGUAGE_STANDARD = gnu99;
				GCC_DYNAMIC_NO_PIC = NO;
				GCC_OPTIMIZATION_LEVEL = 0;
				GCC_PREPROCESSOR_DEFINITIONS = (
					"DEBUG=1",
					"$(inherited)",
				);
				GCC_SYMBOLS_PRIVATE_EXTERN = NO;
				GCC_WARN_64_TO_32_BIT_CONVERSION = YES;
				GCC_WARN_ABOUT_RETURN_TYPE = YES_ERROR;
				GCC_WARN_UNDECLARED_SELECTOR = YES;
				GCC_WARN_UNINITIALIZED_AUTOS = YES_AGGRESSIVE;
				GCC_WARN_UNUSED_FUNCTION = YES;
				GCC_WARN_UNUSED_VARIABLE = YES;
				IPHONEOS_DEPLOYMENT_TARGET = 8.1;
				MTL_ENABLE_DEBUG_INFO = YES;
				ONLY_ACTIVE_ARCH = YES;
				SDKROOT = iphoneos;
				SWIFT_OPTIMIZATION_LEVEL = "-Onone";
				TARGETED_DEVICE_FAMILY = "1,2";
			};
			name = Debug;
		};
		BFEB2F481AA2F06600AA7D3B /* Release */ = {
			isa = XCBuildConfiguration;
			buildSettings = {
				ALWAYS_SEARCH_USER_PATHS = NO;
				CLANG_CXX_LANGUAGE_STANDARD = "gnu++0x";
				CLANG_CXX_LIBRARY = "libc++";
				CLANG_ENABLE_MODULES = YES;
				CLANG_ENABLE_OBJC_ARC = YES;
				CLANG_WARN_BOOL_CONVERSION = YES;
				CLANG_WARN_CONSTANT_CONVERSION = YES;
				CLANG_WARN_DIRECT_OBJC_ISA_USAGE = YES_ERROR;
				CLANG_WARN_EMPTY_BODY = YES;
				CLANG_WARN_ENUM_CONVERSION = YES;
				CLANG_WARN_INT_CONVERSION = YES;
				CLANG_WARN_OBJC_ROOT_CLASS = YES_ERROR;
				CLANG_WARN_UNREACHABLE_CODE = YES;
				CLANG_WARN__DUPLICATE_METHOD_MATCH = YES;
				"CODE_SIGN_IDENTITY[sdk=iphoneos*]" = "iPhone Developer";
				COPY_PHASE_STRIP = YES;
				ENABLE_NS_ASSERTIONS = NO;
				ENABLE_STRICT_OBJC_MSGSEND = YES;
				GCC_C_LANGUAGE_STANDARD = gnu99;
				GCC_WARN_64_TO_32_BIT_CONVERSION = YES;
				GCC_WARN_ABOUT_RETURN_TYPE = YES_ERROR;
				GCC_WARN_UNDECLARED_SELECTOR = YES;
				GCC_WARN_UNINITIALIZED_AUTOS = YES_AGGRESSIVE;
				GCC_WARN_UNUSED_FUNCTION = YES;
				GCC_WARN_UNUSED_VARIABLE = YES;
				IPHONEOS_DEPLOYMENT_TARGET = 8.1;
				MTL_ENABLE_DEBUG_INFO = NO;
				SDKROOT = iphoneos;
				TARGETED_DEVICE_FAMILY = "1,2";
				VALIDATE_PRODUCT = YES;
			};
			name = Release;
		};
		BFEB2F4A1AA2F06600AA7D3B /* Debug */ = {
			isa = XCBuildConfiguration;
			buildSettings = {
				ASSETCATALOG_COMPILER_APPICON_NAME = AppIcon;
				INFOPLIST_FILE = RyanApp/Info.plist;
				LD_RUNPATH_SEARCH_PATHS = "$(inherited) @executable_path/Frameworks";
				PRODUCT_NAME = "$(TARGET_NAME)";
			};
			name = Debug;
		};
		BFEB2F4B1AA2F06600AA7D3B /* Release */ = {
			isa = XCBuildConfiguration;
			buildSettings = {
				ASSETCATALOG_COMPILER_APPICON_NAME = AppIcon;
				INFOPLIST_FILE = RyanApp/Info.plist;
				LD_RUNPATH_SEARCH_PATHS = "$(inherited) @executable_path/Frameworks";
				PRODUCT_NAME = "$(TARGET_NAME)";
			};
			name = Release;
		};
		BFEB2F4D1AA2F06600AA7D3B /* Debug */ = {
			isa = XCBuildConfiguration;
			buildSettings = {
				BUNDLE_LOADER = "$(TEST_HOST)";
				FRAMEWORK_SEARCH_PATHS = (
					"$(SDKROOT)/Developer/Library/Frameworks",
					"$(inherited)",
				);
				GCC_PREPROCESSOR_DEFINITIONS = (
					"DEBUG=1",
					"$(inherited)",
				);
				INFOPLIST_FILE = RyanAppTests/Info.plist;
				LD_RUNPATH_SEARCH_PATHS = "$(inherited) @executable_path/Frameworks @loader_path/Frameworks";
				PRODUCT_NAME = "$(TARGET_NAME)";
				TEST_HOST = "$(BUILT_PRODUCTS_DIR)/RyanApp.app/RyanApp";
			};
			name = Debug;
		};
		BFEB2F4E1AA2F06600AA7D3B /* Release */ = {
			isa = XCBuildConfiguration;
			buildSettings = {
				BUNDLE_LOADER = "$(TEST_HOST)";
				FRAMEWORK_SEARCH_PATHS = (
					"$(SDKROOT)/Developer/Library/Frameworks",
					"$(inherited)",
				);
				INFOPLIST_FILE = RyanAppTests/Info.plist;
				LD_RUNPATH_SEARCH_PATHS = "$(inherited) @executable_path/Frameworks @loader_path/Frameworks";
				PRODUCT_NAME = "$(TARGET_NAME)";
				TEST_HOST = "$(BUILT_PRODUCTS_DIR)/RyanApp.app/RyanApp";
			};
			name = Release;
		};
/* End XCBuildConfiguration section */

/* Begin XCConfigurationList section */
		BFEB2F251AA2F06600AA7D3B /* Build configuration list for PBXProject "RyanApp" */ = {
			isa = XCConfigurationList;
			buildConfigurations = (
				BFEB2F471AA2F06600AA7D3B /* Debug */,
				BFEB2F481AA2F06600AA7D3B /* Release */,
			);
			defaultConfigurationIsVisible = 0;
			defaultConfigurationName = Release;
		};
		BFEB2F491AA2F06600AA7D3B /* Build configuration list for PBXNativeTarget "RyanApp" */ = {
			isa = XCConfigurationList;
			buildConfigurations = (
				BFEB2F4A1AA2F06600AA7D3B /* Debug */,
				BFEB2F4B1AA2F06600AA7D3B /* Release */,
			);
			defaultConfigurationIsVisible = 0;
		};
		BFEB2F4C1AA2F06600AA7D3B /* Build configuration list for PBXNativeTarget "RyanAppTests" */ = {
			isa = XCConfigurationList;
			buildConfigurations = (
				BFEB2F4D1AA2F06600AA7D3B /* Debug */,
				BFEB2F4E1AA2F06600AA7D3B /* Release */,
			);
			defaultConfigurationIsVisible = 0;
		};
/* End XCConfigurationList section */
	};
	rootObject = BFEB2F221AA2F06600AA7D3B /* Project object */;
}
