// !$*UTF8*$!
{
	archiveVersion = 1;
	classes = {
	};
	objectVersion = 46;
	objects = {

/* Begin PBXBuildFile section */
		BFDBCDBA1AB80B900035A19E /* AppDelegate.swift in Sources */ = {isa = PBXBuildFile; fileRef = BFDBCDB91AB80B900035A19E /* AppDelegate.swift */; };
		BFDBCDBC1AB80B900035A19E /* ViewController.swift in Sources */ = {isa = PBXBuildFile; fileRef = BFDBCDBB1AB80B900035A19E /* ViewController.swift */; };
		BFDBCDBF1AB80B900035A19E /* Main.storyboard in Resources */ = {isa = PBXBuildFile; fileRef = BFDBCDBD1AB80B900035A19E /* Main.storyboard */; };
		BFDBCDC11AB80B900035A19E /* Images.xcassets in Resources */ = {isa = PBXBuildFile; fileRef = BFDBCDC01AB80B900035A19E /* Images.xcassets */; };
		BFDBCDC41AB80B900035A19E /* LaunchScreen.xib in Resources */ = {isa = PBXBuildFile; fileRef = BFDBCDC21AB80B900035A19E /* LaunchScreen.xib */; };
		BFDBCDD01AB80B900035A19E /* ListOfNamesTests.swift in Sources */ = {isa = PBXBuildFile; fileRef = BFDBCDCF1AB80B900035A19E /* ListOfNamesTests.swift */; };
		BFDBCDDA1AB80F210035A19E /* MyTableViewController.swift in Sources */ = {isa = PBXBuildFile; fileRef = BFDBCDD91AB80F210035A19E /* MyTableViewController.swift */; };
		BFDBCDDC1ABAB7410035A19E /* InputDataViewController.swift in Sources */ = {isa = PBXBuildFile; fileRef = BFDBCDDB1ABAB7410035A19E /* InputDataViewController.swift */; };
/* End PBXBuildFile section */

/* Begin PBXContainerItemProxy section */
		BFDBCDCA1AB80B900035A19E /* PBXContainerItemProxy */ = {
			isa = PBXContainerItemProxy;
			containerPortal = BFDBCDAC1AB80B900035A19E /* Project object */;
			proxyType = 1;
			remoteGlobalIDString = BFDBCDB31AB80B900035A19E;
			remoteInfo = ListOfNames;
		};
/* End PBXContainerItemProxy section */

/* Begin PBXFileReference section */
		BFDBCDB41AB80B900035A19E /* ListOfNames.app */ = {isa = PBXFileReference; explicitFileType = wrapper.application; includeInIndex = 0; path = ListOfNames.app; sourceTree = BUILT_PRODUCTS_DIR; };
		BFDBCDB81AB80B900035A19E /* Info.plist */ = {isa = PBXFileReference; lastKnownFileType = text.plist.xml; path = Info.plist; sourceTree = "<group>"; };
		BFDBCDB91AB80B900035A19E /* AppDelegate.swift */ = {isa = PBXFileReference; lastKnownFileType = sourcecode.swift; path = AppDelegate.swift; sourceTree = "<group>"; };
		BFDBCDBB1AB80B900035A19E /* ViewController.swift */ = {isa = PBXFileReference; lastKnownFileType = sourcecode.swift; path = ViewController.swift; sourceTree = "<group>"; };
		BFDBCDBE1AB80B900035A19E /* Base */ = {isa = PBXFileReference; lastKnownFileType = file.storyboard; name = Base; path = Base.lproj/Main.storyboard; sourceTree = "<group>"; };
		BFDBCDC01AB80B900035A19E /* Images.xcassets */ = {isa = PBXFileReference; lastKnownFileType = folder.assetcatalog; path = Images.xcassets; sourceTree = "<group>"; };
		BFDBCDC31AB80B900035A19E /* Base */ = {isa = PBXFileReference; lastKnownFileType = file.xib; name = Base; path = Base.lproj/LaunchScreen.xib; sourceTree = "<group>"; };
		BFDBCDC91AB80B900035A19E /* ListOfNamesTests.xctest */ = {isa = PBXFileReference; explicitFileType = wrapper.cfbundle; includeInIndex = 0; path = ListOfNamesTests.xctest; sourceTree = BUILT_PRODUCTS_DIR; };
		BFDBCDCE1AB80B900035A19E /* Info.plist */ = {isa = PBXFileReference; lastKnownFileType = text.plist.xml; path = Info.plist; sourceTree = "<group>"; };
		BFDBCDCF1AB80B900035A19E /* ListOfNamesTests.swift */ = {isa = PBXFileReference; lastKnownFileType = sourcecode.swift; path = ListOfNamesTests.swift; sourceTree = "<group>"; };
		BFDBCDD91AB80F210035A19E /* MyTableViewController.swift */ = {isa = PBXFileReference; fileEncoding = 4; lastKnownFileType = sourcecode.swift; path = MyTableViewController.swift; sourceTree = "<group>"; };
		BFDBCDDB1ABAB7410035A19E /* InputDataViewController.swift */ = {isa = PBXFileReference; fileEncoding = 4; lastKnownFileType = sourcecode.swift; path = InputDataViewController.swift; sourceTree = "<group>"; };
/* End PBXFileReference section */

/* Begin PBXFrameworksBuildPhase section */
		BFDBCDB11AB80B900035A19E /* Frameworks */ = {
			isa = PBXFrameworksBuildPhase;
			buildActionMask = 2147483647;
			files = (
			);
			runOnlyForDeploymentPostprocessing = 0;
		};
		BFDBCDC61AB80B900035A19E /* Frameworks */ = {
			isa = PBXFrameworksBuildPhase;
			buildActionMask = 2147483647;
			files = (
			);
			runOnlyForDeploymentPostprocessing = 0;
		};
/* End PBXFrameworksBuildPhase section */

/* Begin PBXGroup section */
		BFDBCDAB1AB80B900035A19E = {
			isa = PBXGroup;
			children = (
				BFDBCDB61AB80B900035A19E /* ListOfNames */,
				BFDBCDCC1AB80B900035A19E /* ListOfNamesTests */,
				BFDBCDB51AB80B900035A19E /* Products */,
			);
			sourceTree = "<group>";
		};
		BFDBCDB51AB80B900035A19E /* Products */ = {
			isa = PBXGroup;
			children = (
				BFDBCDB41AB80B900035A19E /* ListOfNames.app */,
				BFDBCDC91AB80B900035A19E /* ListOfNamesTests.xctest */,
			);
			name = Products;
			sourceTree = "<group>";
		};
		BFDBCDB61AB80B900035A19E /* ListOfNames */ = {
			isa = PBXGroup;
			children = (
				BFDBCDB91AB80B900035A19E /* AppDelegate.swift */,
				BFDBCDBB1AB80B900035A19E /* ViewController.swift */,
				BFDBCDBD1AB80B900035A19E /* Main.storyboard */,
				BFDBCDDB1ABAB7410035A19E /* InputDataViewController.swift */,
				BFDBCDD91AB80F210035A19E /* MyTableViewController.swift */,
				BFDBCDC01AB80B900035A19E /* Images.xcassets */,
				BFDBCDC21AB80B900035A19E /* LaunchScreen.xib */,
				BFDBCDB71AB80B900035A19E /* Supporting Files */,
			);
			path = ListOfNames;
			sourceTree = "<group>";
		};
		BFDBCDB71AB80B900035A19E /* Supporting Files */ = {
			isa = PBXGroup;
			children = (
				BFDBCDB81AB80B900035A19E /* Info.plist */,
			);
			name = "Supporting Files";
			sourceTree = "<group>";
		};
		BFDBCDCC1AB80B900035A19E /* ListOfNamesTests */ = {
			isa = PBXGroup;
			children = (
				BFDBCDCF1AB80B900035A19E /* ListOfNamesTests.swift */,
				BFDBCDCD1AB80B900035A19E /* Supporting Files */,
			);
			path = ListOfNamesTests;
			sourceTree = "<group>";
		};
		BFDBCDCD1AB80B900035A19E /* Supporting Files */ = {
			isa = PBXGroup;
			children = (
				BFDBCDCE1AB80B900035A19E /* Info.plist */,
			);
			name = "Supporting Files";
			sourceTree = "<group>";
		};
/* End PBXGroup section */

/* Begin PBXNativeTarget section */
		BFDBCDB31AB80B900035A19E /* ListOfNames */ = {
			isa = PBXNativeTarget;
			buildConfigurationList = BFDBCDD31AB80B900035A19E /* Build configuration list for PBXNativeTarget "ListOfNames" */;
			buildPhases = (
				BFDBCDB01AB80B900035A19E /* Sources */,
				BFDBCDB11AB80B900035A19E /* Frameworks */,
				BFDBCDB21AB80B900035A19E /* Resources */,
			);
			buildRules = (
			);
			dependencies = (
			);
			name = ListOfNames;
			productName = ListOfNames;
			productReference = BFDBCDB41AB80B900035A19E /* ListOfNames.app */;
			productType = "com.apple.product-type.application";
		};
		BFDBCDC81AB80B900035A19E /* ListOfNamesTests */ = {
			isa = PBXNativeTarget;
			buildConfigurationList = BFDBCDD61AB80B900035A19E /* Build configuration list for PBXNativeTarget "ListOfNamesTests" */;
			buildPhases = (
				BFDBCDC51AB80B900035A19E /* Sources */,
				BFDBCDC61AB80B900035A19E /* Frameworks */,
				BFDBCDC71AB80B900035A19E /* Resources */,
			);
			buildRules = (
			);
			dependencies = (
				BFDBCDCB1AB80B900035A19E /* PBXTargetDependency */,
			);
			name = ListOfNamesTests;
			productName = ListOfNamesTests;
			productReference = BFDBCDC91AB80B900035A19E /* ListOfNamesTests.xctest */;
			productType = "com.apple.product-type.bundle.unit-test";
		};
/* End PBXNativeTarget section */

/* Begin PBXProject section */
		BFDBCDAC1AB80B900035A19E /* Project object */ = {
			isa = PBXProject;
			attributes = {
				LastUpgradeCheck = 0610;
				ORGANIZATIONNAME = rnwcorp;
				TargetAttributes = {
					BFDBCDB31AB80B900035A19E = {
						CreatedOnToolsVersion = 6.1.1;
					};
					BFDBCDC81AB80B900035A19E = {
						CreatedOnToolsVersion = 6.1.1;
						TestTargetID = BFDBCDB31AB80B900035A19E;
					};
				};
			};
			buildConfigurationList = BFDBCDAF1AB80B900035A19E /* Build configuration list for PBXProject "ListOfNames" */;
			compatibilityVersion = "Xcode 3.2";
			developmentRegion = English;
			hasScannedForEncodings = 0;
			knownRegions = (
				en,
				Base,
			);
			mainGroup = BFDBCDAB1AB80B900035A19E;
			productRefGroup = BFDBCDB51AB80B900035A19E /* Products */;
			projectDirPath = "";
			projectRoot = "";
			targets = (
				BFDBCDB31AB80B900035A19E /* ListOfNames */,
				BFDBCDC81AB80B900035A19E /* ListOfNamesTests */,
			);
		};
/* End PBXProject section */

/* Begin PBXResourcesBuildPhase section */
		BFDBCDB21AB80B900035A19E /* Resources */ = {
			isa = PBXResourcesBuildPhase;
			buildActionMask = 2147483647;
			files = (
				BFDBCDBF1AB80B900035A19E /* Main.storyboard in Resources */,
				BFDBCDC41AB80B900035A19E /* LaunchScreen.xib in Resources */,
				BFDBCDC11AB80B900035A19E /* Images.xcassets in Resources */,
			);
			runOnlyForDeploymentPostprocessing = 0;
		};
		BFDBCDC71AB80B900035A19E /* Resources */ = {
			isa = PBXResourcesBuildPhase;
			buildActionMask = 2147483647;
			files = (
			);
			runOnlyForDeploymentPostprocessing = 0;
		};
/* End PBXResourcesBuildPhase section */

/* Begin PBXSourcesBuildPhase section */
		BFDBCDB01AB80B900035A19E /* Sources */ = {
			isa = PBXSourcesBuildPhase;
			buildActionMask = 2147483647;
			files = (
				BFDBCDBC1AB80B900035A19E /* ViewController.swift in Sources */,
				BFDBCDDC1ABAB7410035A19E /* InputDataViewController.swift in Sources */,
				BFDBCDDA1AB80F210035A19E /* MyTableViewController.swift in Sources */,
				BFDBCDBA1AB80B900035A19E /* AppDelegate.swift in Sources */,
			);
			runOnlyForDeploymentPostprocessing = 0;
		};
		BFDBCDC51AB80B900035A19E /* Sources */ = {
			isa = PBXSourcesBuildPhase;
			buildActionMask = 2147483647;
			files = (
				BFDBCDD01AB80B900035A19E /* ListOfNamesTests.swift in Sources */,
			);
			runOnlyForDeploymentPostprocessing = 0;
		};
/* End PBXSourcesBuildPhase section */

/* Begin PBXTargetDependency section */
		BFDBCDCB1AB80B900035A19E /* PBXTargetDependency */ = {
			isa = PBXTargetDependency;
			target = BFDBCDB31AB80B900035A19E /* ListOfNames */;
			targetProxy = BFDBCDCA1AB80B900035A19E /* PBXContainerItemProxy */;
		};
/* End PBXTargetDependency section */

/* Begin PBXVariantGroup section */
		BFDBCDBD1AB80B900035A19E /* Main.storyboard */ = {
			isa = PBXVariantGroup;
			children = (
				BFDBCDBE1AB80B900035A19E /* Base */,
			);
			name = Main.storyboard;
			sourceTree = "<group>";
		};
		BFDBCDC21AB80B900035A19E /* LaunchScreen.xib */ = {
			isa = PBXVariantGroup;
			children = (
				BFDBCDC31AB80B900035A19E /* Base */,
			);
			name = LaunchScreen.xib;
			sourceTree = "<group>";
		};
/* End PBXVariantGroup section */

/* Begin XCBuildConfiguration section */
		BFDBCDD11AB80B900035A19E /* Debug */ = {
			isa = XCBuildConfiguration;
			buildSettings = {
				ALWAYS_SEARCH_USER_PATHS = NO;
				CLANG_CXX_LANGUAGE_STANDARD = "gnu++0x";
				CLANG_CXX_LIBRARY = "libc++";
				CLANG_ENABLE_MODULES = YES;
				CLANG_ENABLE_OBJC_ARC = YES;
				CLANG_WARN_BOOL_CONVERSION = YES;
				CLANG_WARN_CONSTANT_CONVERSION = YES;
				CLANG_WARN_DIRECT_OBJC_ISA_USAGE = YES_ERROR;
				CLANG_WARN_EMPTY_BODY = YES;
				CLANG_WARN_ENUM_CONVERSION = YES;
				CLANG_WARN_INT_CONVERSION = YES;
				CLANG_WARN_OBJC_ROOT_CLASS = YES_ERROR;
				CLANG_WARN_UNREACHABLE_CODE = YES;
				CLANG_WARN__DUPLICATE_METHOD_MATCH = YES;
				"CODE_SIGN_IDENTITY[sdk=iphoneos*]" = "iPhone Developer";
				COPY_PHASE_STRIP = NO;
				ENABLE_STRICT_OBJC_MSGSEND = YES;
				GCC_C_LANGUAGE_STANDARD = gnu99;
				GCC_DYNAMIC_NO_PIC = NO;
				GCC_OPTIMIZATION_LEVEL = 0;
				GCC_PREPROCESSOR_DEFINITIONS = (
					"DEBUG=1",
					"$(inherited)",
				);
				GCC_SYMBOLS_PRIVATE_EXTERN = NO;
				GCC_WARN_64_TO_32_BIT_CONVERSION = YES;
				GCC_WARN_ABOUT_RETURN_TYPE = YES_ERROR;
				GCC_WARN_UNDECLARED_SELECTOR = YES;
				GCC_WARN_UNINITIALIZED_AUTOS = YES_AGGRESSIVE;
				GCC_WARN_UNUSED_FUNCTION = YES;
				GCC_WARN_UNUSED_VARIABLE = YES;
				IPHONEOS_DEPLOYMENT_TARGET = 8.1;
				MTL_ENABLE_DEBUG_INFO = YES;
				ONLY_ACTIVE_ARCH = YES;
				SDKROOT = iphoneos;
				SWIFT_OPTIMIZATION_LEVEL = "-Onone";
				TARGETED_DEVICE_FAMILY = "1,2";
			};
			name = Debug;
		};
		BFDBCDD21AB80B900035A19E /* Release */ = {
			isa = XCBuildConfiguration;
			buildSettings = {
				ALWAYS_SEARCH_USER_PATHS = NO;
				CLANG_CXX_LANGUAGE_STANDARD = "gnu++0x";
				CLANG_CXX_LIBRARY = "libc++";
				CLANG_ENABLE_MODULES = YES;
				CLANG_ENABLE_OBJC_ARC = YES;
				CLANG_WARN_BOOL_CONVERSION = YES;
				CLANG_WARN_CONSTANT_CONVERSION = YES;
				CLANG_WARN_DIRECT_OBJC_ISA_USAGE = YES_ERROR;
				CLANG_WARN_EMPTY_BODY = YES;
				CLANG_WARN_ENUM_CONVERSION = YES;
				CLANG_WARN_INT_CONVERSION = YES;
				CLANG_WARN_OBJC_ROOT_CLASS = YES_ERROR;
				CLANG_WARN_UNREACHABLE_CODE = YES;
				CLANG_WARN__DUPLICATE_METHOD_MATCH = YES;
				"CODE_SIGN_IDENTITY[sdk=iphoneos*]" = "iPhone Developer";
				COPY_PHASE_STRIP = YES;
				ENABLE_NS_ASSERTIONS = NO;
				ENABLE_STRICT_OBJC_MSGSEND = YES;
				GCC_C_LANGUAGE_STANDARD = gnu99;
				GCC_WARN_64_TO_32_BIT_CONVERSION = YES;
				GCC_WARN_ABOUT_RETURN_TYPE = YES_ERROR;
				GCC_WARN_UNDECLARED_SELECTOR = YES;
				GCC_WARN_UNINITIALIZED_AUTOS = YES_AGGRESSIVE;
				GCC_WARN_UNUSED_FUNCTION = YES;
				GCC_WARN_UNUSED_VARIABLE = YES;
				IPHONEOS_DEPLOYMENT_TARGET = 8.1;
				MTL_ENABLE_DEBUG_INFO = NO;
				SDKROOT = iphoneos;
				TARGETED_DEVICE_FAMILY = "1,2";
				VALIDATE_PRODUCT = YES;
			};
			name = Release;
		};
		BFDBCDD41AB80B900035A19E /* Debug */ = {
			isa = XCBuildConfiguration;
			buildSettings = {
				ASSETCATALOG_COMPILER_APPICON_NAME = AppIcon;
				INFOPLIST_FILE = ListOfNames/Info.plist;
				LD_RUNPATH_SEARCH_PATHS = "$(inherited) @executable_path/Frameworks";
				PRODUCT_NAME = "$(TARGET_NAME)";
			};
			name = Debug;
		};
		BFDBCDD51AB80B900035A19E /* Release */ = {
			isa = XCBuildConfiguration;
			buildSettings = {
				ASSETCATALOG_COMPILER_APPICON_NAME = AppIcon;
				INFOPLIST_FILE = ListOfNames/Info.plist;
				LD_RUNPATH_SEARCH_PATHS = "$(inherited) @executable_path/Frameworks";
				PRODUCT_NAME = "$(TARGET_NAME)";
			};
			name = Release;
		};
		BFDBCDD71AB80B900035A19E /* Debug */ = {
			isa = XCBuildConfiguration;
			buildSettings = {
				BUNDLE_LOADER = "$(TEST_HOST)";
				FRAMEWORK_SEARCH_PATHS = (
					"$(SDKROOT)/Developer/Library/Frameworks",
					"$(inherited)",
				);
				GCC_PREPROCESSOR_DEFINITIONS = (
					"DEBUG=1",
					"$(inherited)",
				);
				INFOPLIST_FILE = ListOfNamesTests/Info.plist;
				LD_RUNPATH_SEARCH_PATHS = "$(inherited) @executable_path/Frameworks @loader_path/Frameworks";
				PRODUCT_NAME = "$(TARGET_NAME)";
				TEST_HOST = "$(BUILT_PRODUCTS_DIR)/ListOfNames.app/ListOfNames";
			};
			name = Debug;
		};
		BFDBCDD81AB80B900035A19E /* Release */ = {
			isa = XCBuildConfiguration;
			buildSettings = {
				BUNDLE_LOADER = "$(TEST_HOST)";
				FRAMEWORK_SEARCH_PATHS = (
					"$(SDKROOT)/Developer/Library/Frameworks",
					"$(inherited)",
				);
				INFOPLIST_FILE = ListOfNamesTests/Info.plist;
				LD_RUNPATH_SEARCH_PATHS = "$(inherited) @executable_path/Frameworks @loader_path/Frameworks";
				PRODUCT_NAME = "$(TARGET_NAME)";
				TEST_HOST = "$(BUILT_PRODUCTS_DIR)/ListOfNames.app/ListOfNames";
			};
			name = Release;
		};
/* End XCBuildConfiguration section */

/* Begin XCConfigurationList section */
		BFDBCDAF1AB80B900035A19E /* Build configuration list for PBXProject "ListOfNames" */ = {
			isa = XCConfigurationList;
			buildConfigurations = (
				BFDBCDD11AB80B900035A19E /* Debug */,
				BFDBCDD21AB80B900035A19E /* Release */,
			);
			defaultConfigurationIsVisible = 0;
			defaultConfigurationName = Release;
		};
		BFDBCDD31AB80B900035A19E /* Build configuration list for PBXNativeTarget "ListOfNames" */ = {
			isa = XCConfigurationList;
			buildConfigurations = (
				BFDBCDD41AB80B900035A19E /* Debug */,
				BFDBCDD51AB80B900035A19E /* Release */,
			);
			defaultConfigurationIsVisible = 0;
		};
		BFDBCDD61AB80B900035A19E /* Build configuration list for PBXNativeTarget "ListOfNamesTests" */ = {
			isa = XCConfigurationList;
			buildConfigurations = (
				BFDBCDD71AB80B900035A19E /* Debug */,
				BFDBCDD81AB80B900035A19E /* Release */,
			);
			defaultConfigurationIsVisible = 0;
		};
/* End XCConfigurationList section */
	};
	rootObject = BFDBCDAC1AB80B900035A19E /* Project object */;
}
