// !$*UTF8*$!
{
	archiveVersion = 1;
	classes = {
	};
	objectVersion = 46;
	objects = {

/* Begin PBXBuildFile section */
		BF1D22951AD66A5C00734B7A /* AppDelegate.swift in Sources */ = {isa = PBXBuildFile; fileRef = BF1D22941AD66A5C00734B7A /* AppDelegate.swift */; };
		BF1D22981AD66A5C00734B7A /* Notes.xcdatamodeld in Sources */ = {isa = PBXBuildFile; fileRef = BF1D22961AD66A5C00734B7A /* Notes.xcdatamodeld */; };
		BF1D229A1AD66A5C00734B7A /* ViewController.swift in Sources */ = {isa = PBXBuildFile; fileRef = BF1D22991AD66A5C00734B7A /* ViewController.swift */; };
		BF1D229D1AD66A5C00734B7A /* Main.storyboard in Resources */ = {isa = PBXBuildFile; fileRef = BF1D229B1AD66A5C00734B7A /* Main.storyboard */; };
		BF1D229F1AD66A5C00734B7A /* Images.xcassets in Resources */ = {isa = PBXBuildFile; fileRef = BF1D229E1AD66A5C00734B7A /* Images.xcassets */; };
		BF1D22A21AD66A5C00734B7A /* LaunchScreen.xib in Resources */ = {isa = PBXBuildFile; fileRef = BF1D22A01AD66A5C00734B7A /* LaunchScreen.xib */; };
		BF1D22AE1AD66A5D00734B7A /* NotesTests.swift in Sources */ = {isa = PBXBuildFile; fileRef = BF1D22AD1AD66A5D00734B7A /* NotesTests.swift */; };
		BF1D22B81AD66CB700734B7A /* Note.swift in Sources */ = {isa = PBXBuildFile; fileRef = BF1D22B71AD66CB700734B7A /* Note.swift */; };
		BF1D22BA1AD66FC400734B7A /* AddNoteViewController.swift in Sources */ = {isa = PBXBuildFile; fileRef = BF1D22B91AD66FC400734B7A /* AddNoteViewController.swift */; };
/* End PBXBuildFile section */

/* Begin PBXContainerItemProxy section */
		BF1D22A81AD66A5C00734B7A /* PBXContainerItemProxy */ = {
			isa = PBXContainerItemProxy;
			containerPortal = BF1D22871AD66A5C00734B7A /* Project object */;
			proxyType = 1;
			remoteGlobalIDString = BF1D228E1AD66A5C00734B7A;
			remoteInfo = Notes;
		};
/* End PBXContainerItemProxy section */

/* Begin PBXFileReference section */
		BF1D228F1AD66A5C00734B7A /* Notes.app */ = {isa = PBXFileReference; explicitFileType = wrapper.application; includeInIndex = 0; path = Notes.app; sourceTree = BUILT_PRODUCTS_DIR; };
		BF1D22931AD66A5C00734B7A /* Info.plist */ = {isa = PBXFileReference; lastKnownFileType = text.plist.xml; path = Info.plist; sourceTree = "<group>"; };
		BF1D22941AD66A5C00734B7A /* AppDelegate.swift */ = {isa = PBXFileReference; lastKnownFileType = sourcecode.swift; path = AppDelegate.swift; sourceTree = "<group>"; };
		BF1D22971AD66A5C00734B7A /* Notes.xcdatamodel */ = {isa = PBXFileReference; lastKnownFileType = wrapper.xcdatamodel; path = Notes.xcdatamodel; sourceTree = "<group>"; };
		BF1D22991AD66A5C00734B7A /* ViewController.swift */ = {isa = PBXFileReference; lastKnownFileType = sourcecode.swift; path = ViewController.swift; sourceTree = "<group>"; };
		BF1D229C1AD66A5C00734B7A /* Base */ = {isa = PBXFileReference; lastKnownFileType = file.storyboard; name = Base; path = Base.lproj/Main.storyboard; sourceTree = "<group>"; };
		BF1D229E1AD66A5C00734B7A /* Images.xcassets */ = {isa = PBXFileReference; lastKnownFileType = folder.assetcatalog; path = Images.xcassets; sourceTree = "<group>"; };
		BF1D22A11AD66A5C00734B7A /* Base */ = {isa = PBXFileReference; lastKnownFileType = file.xib; name = Base; path = Base.lproj/LaunchScreen.xib; sourceTree = "<group>"; };
		BF1D22A71AD66A5C00734B7A /* NotesTests.xctest */ = {isa = PBXFileReference; explicitFileType = wrapper.cfbundle; includeInIndex = 0; path = NotesTests.xctest; sourceTree = BUILT_PRODUCTS_DIR; };
		BF1D22AC1AD66A5D00734B7A /* Info.plist */ = {isa = PBXFileReference; lastKnownFileType = text.plist.xml; path = Info.plist; sourceTree = "<group>"; };
		BF1D22AD1AD66A5D00734B7A /* NotesTests.swift */ = {isa = PBXFileReference; lastKnownFileType = sourcecode.swift; path = NotesTests.swift; sourceTree = "<group>"; };
		BF1D22B71AD66CB700734B7A /* Note.swift */ = {isa = PBXFileReference; fileEncoding = 4; lastKnownFileType = sourcecode.swift; path = Note.swift; sourceTree = "<group>"; };
		BF1D22B91AD66FC400734B7A /* AddNoteViewController.swift */ = {isa = PBXFileReference; fileEncoding = 4; lastKnownFileType = sourcecode.swift; path = AddNoteViewController.swift; sourceTree = "<group>"; };
/* End PBXFileReference section */

/* Begin PBXFrameworksBuildPhase section */
		BF1D228C1AD66A5C00734B7A /* Frameworks */ = {
			isa = PBXFrameworksBuildPhase;
			buildActionMask = 2147483647;
			files = (
			);
			runOnlyForDeploymentPostprocessing = 0;
		};
		BF1D22A41AD66A5C00734B7A /* Frameworks */ = {
			isa = PBXFrameworksBuildPhase;
			buildActionMask = 2147483647;
			files = (
			);
			runOnlyForDeploymentPostprocessing = 0;
		};
/* End PBXFrameworksBuildPhase section */

/* Begin PBXGroup section */
		BF1D22861AD66A5C00734B7A = {
			isa = PBXGroup;
			children = (
				BF1D22911AD66A5C00734B7A /* Notes */,
				BF1D22AA1AD66A5D00734B7A /* NotesTests */,
				BF1D22901AD66A5C00734B7A /* Products */,
			);
			sourceTree = "<group>";
		};
		BF1D22901AD66A5C00734B7A /* Products */ = {
			isa = PBXGroup;
			children = (
				BF1D228F1AD66A5C00734B7A /* Notes.app */,
				BF1D22A71AD66A5C00734B7A /* NotesTests.xctest */,
			);
			name = Products;
			sourceTree = "<group>";
		};
		BF1D22911AD66A5C00734B7A /* Notes */ = {
			isa = PBXGroup;
			children = (
				BF1D22941AD66A5C00734B7A /* AppDelegate.swift */,
				BF1D22991AD66A5C00734B7A /* ViewController.swift */,
				BF1D229B1AD66A5C00734B7A /* Main.storyboard */,
				BF1D22B91AD66FC400734B7A /* AddNoteViewController.swift */,
				BF1D229E1AD66A5C00734B7A /* Images.xcassets */,
				BF1D22A01AD66A5C00734B7A /* LaunchScreen.xib */,
				BF1D22961AD66A5C00734B7A /* Notes.xcdatamodeld */,
				BF1D22B71AD66CB700734B7A /* Note.swift */,
				BF1D22921AD66A5C00734B7A /* Supporting Files */,
			);
			path = Notes;
			sourceTree = "<group>";
		};
		BF1D22921AD66A5C00734B7A /* Supporting Files */ = {
			isa = PBXGroup;
			children = (
				BF1D22931AD66A5C00734B7A /* Info.plist */,
			);
			name = "Supporting Files";
			sourceTree = "<group>";
		};
		BF1D22AA1AD66A5D00734B7A /* NotesTests */ = {
			isa = PBXGroup;
			children = (
				BF1D22AD1AD66A5D00734B7A /* NotesTests.swift */,
				BF1D22AB1AD66A5D00734B7A /* Supporting Files */,
			);
			path = NotesTests;
			sourceTree = "<group>";
		};
		BF1D22AB1AD66A5D00734B7A /* Supporting Files */ = {
			isa = PBXGroup;
			children = (
				BF1D22AC1AD66A5D00734B7A /* Info.plist */,
			);
			name = "Supporting Files";
			sourceTree = "<group>";
		};
/* End PBXGroup section */

/* Begin PBXNativeTarget section */
		BF1D228E1AD66A5C00734B7A /* Notes */ = {
			isa = PBXNativeTarget;
			buildConfigurationList = BF1D22B11AD66A5D00734B7A /* Build configuration list for PBXNativeTarget "Notes" */;
			buildPhases = (
				BF1D228B1AD66A5C00734B7A /* Sources */,
				BF1D228C1AD66A5C00734B7A /* Frameworks */,
				BF1D228D1AD66A5C00734B7A /* Resources */,
			);
			buildRules = (
			);
			dependencies = (
			);
			name = Notes;
			productName = Notes;
			productReference = BF1D228F1AD66A5C00734B7A /* Notes.app */;
			productType = "com.apple.product-type.application";
		};
		BF1D22A61AD66A5C00734B7A /* NotesTests */ = {
			isa = PBXNativeTarget;
			buildConfigurationList = BF1D22B41AD66A5D00734B7A /* Build configuration list for PBXNativeTarget "NotesTests" */;
			buildPhases = (
				BF1D22A31AD66A5C00734B7A /* Sources */,
				BF1D22A41AD66A5C00734B7A /* Frameworks */,
				BF1D22A51AD66A5C00734B7A /* Resources */,
			);
			buildRules = (
			);
			dependencies = (
				BF1D22A91AD66A5C00734B7A /* PBXTargetDependency */,
			);
			name = NotesTests;
			productName = NotesTests;
			productReference = BF1D22A71AD66A5C00734B7A /* NotesTests.xctest */;
			productType = "com.apple.product-type.bundle.unit-test";
		};
/* End PBXNativeTarget section */

/* Begin PBXProject section */
		BF1D22871AD66A5C00734B7A /* Project object */ = {
			isa = PBXProject;
			attributes = {
				LastUpgradeCheck = 0610;
				ORGANIZATIONNAME = rnwcorp;
				TargetAttributes = {
					BF1D228E1AD66A5C00734B7A = {
						CreatedOnToolsVersion = 6.1.1;
					};
					BF1D22A61AD66A5C00734B7A = {
						CreatedOnToolsVersion = 6.1.1;
						TestTargetID = BF1D228E1AD66A5C00734B7A;
					};
				};
			};
			buildConfigurationList = BF1D228A1AD66A5C00734B7A /* Build configuration list for PBXProject "Notes" */;
			compatibilityVersion = "Xcode 3.2";
			developmentRegion = English;
			hasScannedForEncodings = 0;
			knownRegions = (
				en,
				Base,
			);
			mainGroup = BF1D22861AD66A5C00734B7A;
			productRefGroup = BF1D22901AD66A5C00734B7A /* Products */;
			projectDirPath = "";
			projectRoot = "";
			targets = (
				BF1D228E1AD66A5C00734B7A /* Notes */,
				BF1D22A61AD66A5C00734B7A /* NotesTests */,
			);
		};
/* End PBXProject section */

/* Begin PBXResourcesBuildPhase section */
		BF1D228D1AD66A5C00734B7A /* Resources */ = {
			isa = PBXResourcesBuildPhase;
			buildActionMask = 2147483647;
			files = (
				BF1D229D1AD66A5C00734B7A /* Main.storyboard in Resources */,
				BF1D22A21AD66A5C00734B7A /* LaunchScreen.xib in Resources */,
				BF1D229F1AD66A5C00734B7A /* Images.xcassets in Resources */,
			);
			runOnlyForDeploymentPostprocessing = 0;
		};
		BF1D22A51AD66A5C00734B7A /* Resources */ = {
			isa = PBXResourcesBuildPhase;
			buildActionMask = 2147483647;
			files = (
			);
			runOnlyForDeploymentPostprocessing = 0;
		};
/* End PBXResourcesBuildPhase section */

/* Begin PBXSourcesBuildPhase section */
		BF1D228B1AD66A5C00734B7A /* Sources */ = {
			isa = PBXSourcesBuildPhase;
			buildActionMask = 2147483647;
			files = (
				BF1D229A1AD66A5C00734B7A /* ViewController.swift in Sources */,
				BF1D22951AD66A5C00734B7A /* AppDelegate.swift in Sources */,
				BF1D22981AD66A5C00734B7A /* Notes.xcdatamodeld in Sources */,
				BF1D22BA1AD66FC400734B7A /* AddNoteViewController.swift in Sources */,
				BF1D22B81AD66CB700734B7A /* Note.swift in Sources */,
			);
			runOnlyForDeploymentPostprocessing = 0;
		};
		BF1D22A31AD66A5C00734B7A /* Sources */ = {
			isa = PBXSourcesBuildPhase;
			buildActionMask = 2147483647;
			files = (
				BF1D22AE1AD66A5D00734B7A /* NotesTests.swift in Sources */,
			);
			runOnlyForDeploymentPostprocessing = 0;
		};
/* End PBXSourcesBuildPhase section */

/* Begin PBXTargetDependency section */
		BF1D22A91AD66A5C00734B7A /* PBXTargetDependency */ = {
			isa = PBXTargetDependency;
			target = BF1D228E1AD66A5C00734B7A /* Notes */;
			targetProxy = BF1D22A81AD66A5C00734B7A /* PBXContainerItemProxy */;
		};
/* End PBXTargetDependency section */

/* Begin PBXVariantGroup section */
		BF1D229B1AD66A5C00734B7A /* Main.storyboard */ = {
			isa = PBXVariantGroup;
			children = (
				BF1D229C1AD66A5C00734B7A /* Base */,
			);
			name = Main.storyboard;
			sourceTree = "<group>";
		};
		BF1D22A01AD66A5C00734B7A /* LaunchScreen.xib */ = {
			isa = PBXVariantGroup;
			children = (
				BF1D22A11AD66A5C00734B7A /* Base */,
			);
			name = LaunchScreen.xib;
			sourceTree = "<group>";
		};
/* End PBXVariantGroup section */

/* Begin XCBuildConfiguration section */
		BF1D22AF1AD66A5D00734B7A /* Debug */ = {
			isa = XCBuildConfiguration;
			buildSettings = {
				ALWAYS_SEARCH_USER_PATHS = NO;
				CLANG_CXX_LANGUAGE_STANDARD = "gnu++0x";
				CLANG_CXX_LIBRARY = "libc++";
				CLANG_ENABLE_MODULES = YES;
				CLANG_ENABLE_OBJC_ARC = YES;
				CLANG_WARN_BOOL_CONVERSION = YES;
				CLANG_WARN_CONSTANT_CONVERSION = YES;
				CLANG_WARN_DIRECT_OBJC_ISA_USAGE = YES_ERROR;
				CLANG_WARN_EMPTY_BODY = YES;
				CLANG_WARN_ENUM_CONVERSION = YES;
				CLANG_WARN_INT_CONVERSION = YES;
				CLANG_WARN_OBJC_ROOT_CLASS = YES_ERROR;
				CLANG_WARN_UNREACHABLE_CODE = YES;
				CLANG_WARN__DUPLICATE_METHOD_MATCH = YES;
				"CODE_SIGN_IDENTITY[sdk=iphoneos*]" = "iPhone Developer";
				COPY_PHASE_STRIP = NO;
				ENABLE_STRICT_OBJC_MSGSEND = YES;
				GCC_C_LANGUAGE_STANDARD = gnu99;
				GCC_DYNAMIC_NO_PIC = NO;
				GCC_OPTIMIZATION_LEVEL = 0;
				GCC_PREPROCESSOR_DEFINITIONS = (
					"DEBUG=1",
					"$(inherited)",
				);
				GCC_SYMBOLS_PRIVATE_EXTERN = NO;
				GCC_WARN_64_TO_32_BIT_CONVERSION = YES;
				GCC_WARN_ABOUT_RETURN_TYPE = YES_ERROR;
				GCC_WARN_UNDECLARED_SELECTOR = YES;
				GCC_WARN_UNINITIALIZED_AUTOS = YES_AGGRESSIVE;
				GCC_WARN_UNUSED_FUNCTION = YES;
				GCC_WARN_UNUSED_VARIABLE = YES;
				IPHONEOS_DEPLOYMENT_TARGET = 8.1;
				MTL_ENABLE_DEBUG_INFO = YES;
				ONLY_ACTIVE_ARCH = YES;
				SDKROOT = iphoneos;
				SWIFT_OPTIMIZATION_LEVEL = "-Onone";
				TARGETED_DEVICE_FAMILY = "1,2";
			};
			name = Debug;
		};
		BF1D22B01AD66A5D00734B7A /* Release */ = {
			isa = XCBuildConfiguration;
			buildSettings = {
				ALWAYS_SEARCH_USER_PATHS = NO;
				CLANG_CXX_LANGUAGE_STANDARD = "gnu++0x";
				CLANG_CXX_LIBRARY = "libc++";
				CLANG_ENABLE_MODULES = YES;
				CLANG_ENABLE_OBJC_ARC = YES;
				CLANG_WARN_BOOL_CONVERSION = YES;
				CLANG_WARN_CONSTANT_CONVERSION = YES;
				CLANG_WARN_DIRECT_OBJC_ISA_USAGE = YES_ERROR;
				CLANG_WARN_EMPTY_BODY = YES;
				CLANG_WARN_ENUM_CONVERSION = YES;
				CLANG_WARN_INT_CONVERSION = YES;
				CLANG_WARN_OBJC_ROOT_CLASS = YES_ERROR;
				CLANG_WARN_UNREACHABLE_CODE = YES;
				CLANG_WARN__DUPLICATE_METHOD_MATCH = YES;
				"CODE_SIGN_IDENTITY[sdk=iphoneos*]" = "iPhone Developer";
				COPY_PHASE_STRIP = YES;
				ENABLE_NS_ASSERTIONS = NO;
				ENABLE_STRICT_OBJC_MSGSEND = YES;
				GCC_C_LANGUAGE_STANDARD = gnu99;
				GCC_WARN_64_TO_32_BIT_CONVERSION = YES;
				GCC_WARN_ABOUT_RETURN_TYPE = YES_ERROR;
				GCC_WARN_UNDECLARED_SELECTOR = YES;
				GCC_WARN_UNINITIALIZED_AUTOS = YES_AGGRESSIVE;
				GCC_WARN_UNUSED_FUNCTION = YES;
				GCC_WARN_UNUSED_VARIABLE = YES;
				IPHONEOS_DEPLOYMENT_TARGET = 8.1;
				MTL_ENABLE_DEBUG_INFO = NO;
				SDKROOT = iphoneos;
				TARGETED_DEVICE_FAMILY = "1,2";
				VALIDATE_PRODUCT = YES;
			};
			name = Release;
		};
		BF1D22B21AD66A5D00734B7A /* Debug */ = {
			isa = XCBuildConfiguration;
			buildSettings = {
				ASSETCATALOG_COMPILER_APPICON_NAME = AppIcon;
				INFOPLIST_FILE = Notes/Info.plist;
				LD_RUNPATH_SEARCH_PATHS = "$(inherited) @executable_path/Frameworks";
				PRODUCT_NAME = "$(TARGET_NAME)";
			};
			name = Debug;
		};
		BF1D22B31AD66A5D00734B7A /* Release */ = {
			isa = XCBuildConfiguration;
			buildSettings = {
				ASSETCATALOG_COMPILER_APPICON_NAME = AppIcon;
				INFOPLIST_FILE = Notes/Info.plist;
				LD_RUNPATH_SEARCH_PATHS = "$(inherited) @executable_path/Frameworks";
				PRODUCT_NAME = "$(TARGET_NAME)";
			};
			name = Release;
		};
		BF1D22B51AD66A5D00734B7A /* Debug */ = {
			isa = XCBuildConfiguration;
			buildSettings = {
				BUNDLE_LOADER = "$(TEST_HOST)";
				FRAMEWORK_SEARCH_PATHS = (
					"$(SDKROOT)/Developer/Library/Frameworks",
					"$(inherited)",
				);
				GCC_PREPROCESSOR_DEFINITIONS = (
					"DEBUG=1",
					"$(inherited)",
				);
				INFOPLIST_FILE = NotesTests/Info.plist;
				LD_RUNPATH_SEARCH_PATHS = "$(inherited) @executable_path/Frameworks @loader_path/Frameworks";
				PRODUCT_NAME = "$(TARGET_NAME)";
				TEST_HOST = "$(BUILT_PRODUCTS_DIR)/Notes.app/Notes";
			};
			name = Debug;
		};
		BF1D22B61AD66A5D00734B7A /* Release */ = {
			isa = XCBuildConfiguration;
			buildSettings = {
				BUNDLE_LOADER = "$(TEST_HOST)";
				FRAMEWORK_SEARCH_PATHS = (
					"$(SDKROOT)/Developer/Library/Frameworks",
					"$(inherited)",
				);
				INFOPLIST_FILE = NotesTests/Info.plist;
				LD_RUNPATH_SEARCH_PATHS = "$(inherited) @executable_path/Frameworks @loader_path/Frameworks";
				PRODUCT_NAME = "$(TARGET_NAME)";
				TEST_HOST = "$(BUILT_PRODUCTS_DIR)/Notes.app/Notes";
			};
			name = Release;
		};
/* End XCBuildConfiguration section */

/* Begin XCConfigurationList section */
		BF1D228A1AD66A5C00734B7A /* Build configuration list for PBXProject "Notes" */ = {
			isa = XCConfigurationList;
			buildConfigurations = (
				BF1D22AF1AD66A5D00734B7A /* Debug */,
				BF1D22B01AD66A5D00734B7A /* Release */,
			);
			defaultConfigurationIsVisible = 0;
			defaultConfigurationName = Release;
		};
		BF1D22B11AD66A5D00734B7A /* Build configuration list for PBXNativeTarget "Notes" */ = {
			isa = XCConfigurationList;
			buildConfigurations = (
				BF1D22B21AD66A5D00734B7A /* Debug */,
				BF1D22B31AD66A5D00734B7A /* Release */,
			);
			defaultConfigurationIsVisible = 0;
			defaultConfigurationName = Release;
		};
		BF1D22B41AD66A5D00734B7A /* Build configuration list for PBXNativeTarget "NotesTests" */ = {
			isa = XCConfigurationList;
			buildConfigurations = (
				BF1D22B51AD66A5D00734B7A /* Debug */,
				BF1D22B61AD66A5D00734B7A /* Release */,
			);
			defaultConfigurationIsVisible = 0;
			defaultConfigurationName = Release;
		};
/* End XCConfigurationList section */

/* Begin XCVersionGroup section */
		BF1D22961AD66A5C00734B7A /* Notes.xcdatamodeld */ = {
			isa = XCVersionGroup;
			children = (
				BF1D22971AD66A5C00734B7A /* Notes.xcdatamodel */,
			);
			currentVersion = BF1D22971AD66A5C00734B7A /* Notes.xcdatamodel */;
			path = Notes.xcdatamodeld;
			sourceTree = "<group>";
			versionGroupType = wrapper.xcdatamodel;
		};
/* End XCVersionGroup section */
	};
	rootObject = BF1D22871AD66A5C00734B7A /* Project object */;
}
