// !$*UTF8*$!
{
	archiveVersion = 1;
	classes = {
	};
	objectVersion = 46;
	objects = {

/* Begin PBXBuildFile section */
		BF41DD731AB193F700B6A7DE /* MyTableViewController.swift in Sources */ = {isa = PBXBuildFile; fileRef = BF41DD721AB193F700B6A7DE /* MyTableViewController.swift */; };
		D74B6CF21AB1853000AFDC66 /* AppDelegate.swift in Sources */ = {isa = PBXBuildFile; fileRef = D74B6CF11AB1853000AFDC66 /* AppDelegate.swift */; };
		D74B6CF41AB1853000AFDC66 /* ViewController.swift in Sources */ = {isa = PBXBuildFile; fileRef = D74B6CF31AB1853000AFDC66 /* ViewController.swift */; };
		D74B6CF71AB1853000AFDC66 /* Main.storyboard in Resources */ = {isa = PBXBuildFile; fileRef = D74B6CF51AB1853000AFDC66 /* Main.storyboard */; };
		D74B6CF91AB1853000AFDC66 /* Images.xcassets in Resources */ = {isa = PBXBuildFile; fileRef = D74B6CF81AB1853000AFDC66 /* Images.xcassets */; };
		D74B6CFC1AB1853000AFDC66 /* LaunchScreen.xib in Resources */ = {isa = PBXBuildFile; fileRef = D74B6CFA1AB1853000AFDC66 /* LaunchScreen.xib */; };
		D74B6D081AB1853000AFDC66 /* GoodVSBadTests.swift in Sources */ = {isa = PBXBuildFile; fileRef = D74B6D071AB1853000AFDC66 /* GoodVSBadTests.swift */; };
		D74B6D131AB1854E00AFDC66 /* Player.swift in Sources */ = {isa = PBXBuildFile; fileRef = D74B6D121AB1854E00AFDC66 /* Player.swift */; };
		D74B6D151AB1856400AFDC66 /* GoodGuy.swift in Sources */ = {isa = PBXBuildFile; fileRef = D74B6D141AB1856400AFDC66 /* GoodGuy.swift */; };
		D74B6D171AB1857A00AFDC66 /* BadGuy.swift in Sources */ = {isa = PBXBuildFile; fileRef = D74B6D161AB1857A00AFDC66 /* BadGuy.swift */; };
		D74B6D191AB1858F00AFDC66 /* Pirate.swift in Sources */ = {isa = PBXBuildFile; fileRef = D74B6D181AB1858F00AFDC66 /* Pirate.swift */; };
		D74B6D1B1AB185A500AFDC66 /* SuperVillain.swift in Sources */ = {isa = PBXBuildFile; fileRef = D74B6D1A1AB185A500AFDC66 /* SuperVillain.swift */; };
		D74B6D1D1AB185B500AFDC66 /* SuperHero.swift in Sources */ = {isa = PBXBuildFile; fileRef = D74B6D1C1AB185B500AFDC66 /* SuperHero.swift */; };
		D74B6D1F1AB185C400AFDC66 /* NavySailor.swift in Sources */ = {isa = PBXBuildFile; fileRef = D74B6D1E1AB185C400AFDC66 /* NavySailor.swift */; };
/* End PBXBuildFile section */

/* Begin PBXContainerItemProxy section */
		D74B6D021AB1853000AFDC66 /* PBXContainerItemProxy */ = {
			isa = PBXContainerItemProxy;
			containerPortal = D74B6CE41AB1853000AFDC66 /* Project object */;
			proxyType = 1;
			remoteGlobalIDString = D74B6CEB1AB1853000AFDC66;
			remoteInfo = GoodVSBad;
		};
/* End PBXContainerItemProxy section */

/* Begin PBXFileReference section */
		BF41DD721AB193F700B6A7DE /* MyTableViewController.swift */ = {isa = PBXFileReference; fileEncoding = 4; lastKnownFileType = sourcecode.swift; path = MyTableViewController.swift; sourceTree = "<group>"; };
		D74B6CEC1AB1853000AFDC66 /* GoodVSBad.app */ = {isa = PBXFileReference; explicitFileType = wrapper.application; includeInIndex = 0; path = GoodVSBad.app; sourceTree = BUILT_PRODUCTS_DIR; };
		D74B6CF01AB1853000AFDC66 /* Info.plist */ = {isa = PBXFileReference; lastKnownFileType = text.plist.xml; path = Info.plist; sourceTree = "<group>"; };
		D74B6CF11AB1853000AFDC66 /* AppDelegate.swift */ = {isa = PBXFileReference; lastKnownFileType = sourcecode.swift; path = AppDelegate.swift; sourceTree = "<group>"; };
		D74B6CF31AB1853000AFDC66 /* ViewController.swift */ = {isa = PBXFileReference; lastKnownFileType = sourcecode.swift; path = ViewController.swift; sourceTree = "<group>"; };
		D74B6CF61AB1853000AFDC66 /* Base */ = {isa = PBXFileReference; lastKnownFileType = file.storyboard; name = Base; path = Base.lproj/Main.storyboard; sourceTree = "<group>"; };
		D74B6CF81AB1853000AFDC66 /* Images.xcassets */ = {isa = PBXFileReference; lastKnownFileType = folder.assetcatalog; path = Images.xcassets; sourceTree = "<group>"; };
		D74B6CFB1AB1853000AFDC66 /* Base */ = {isa = PBXFileReference; lastKnownFileType = file.xib; name = Base; path = Base.lproj/LaunchScreen.xib; sourceTree = "<group>"; };
		D74B6D011AB1853000AFDC66 /* GoodVSBadTests.xctest */ = {isa = PBXFileReference; explicitFileType = wrapper.cfbundle; includeInIndex = 0; path = GoodVSBadTests.xctest; sourceTree = BUILT_PRODUCTS_DIR; };
		D74B6D061AB1853000AFDC66 /* Info.plist */ = {isa = PBXFileReference; lastKnownFileType = text.plist.xml; path = Info.plist; sourceTree = "<group>"; };
		D74B6D071AB1853000AFDC66 /* GoodVSBadTests.swift */ = {isa = PBXFileReference; lastKnownFileType = sourcecode.swift; path = GoodVSBadTests.swift; sourceTree = "<group>"; };
		D74B6D121AB1854E00AFDC66 /* Player.swift */ = {isa = PBXFileReference; fileEncoding = 4; lastKnownFileType = sourcecode.swift; path = Player.swift; sourceTree = "<group>"; };
		D74B6D141AB1856400AFDC66 /* GoodGuy.swift */ = {isa = PBXFileReference; fileEncoding = 4; lastKnownFileType = sourcecode.swift; path = GoodGuy.swift; sourceTree = "<group>"; };
		D74B6D161AB1857A00AFDC66 /* BadGuy.swift */ = {isa = PBXFileReference; fileEncoding = 4; lastKnownFileType = sourcecode.swift; path = BadGuy.swift; sourceTree = "<group>"; };
		D74B6D181AB1858F00AFDC66 /* Pirate.swift */ = {isa = PBXFileReference; fileEncoding = 4; lastKnownFileType = sourcecode.swift; path = Pirate.swift; sourceTree = "<group>"; };
		D74B6D1A1AB185A500AFDC66 /* SuperVillain.swift */ = {isa = PBXFileReference; fileEncoding = 4; lastKnownFileType = sourcecode.swift; path = SuperVillain.swift; sourceTree = "<group>"; };
		D74B6D1C1AB185B500AFDC66 /* SuperHero.swift */ = {isa = PBXFileReference; fileEncoding = 4; lastKnownFileType = sourcecode.swift; path = SuperHero.swift; sourceTree = "<group>"; };
		D74B6D1E1AB185C400AFDC66 /* NavySailor.swift */ = {isa = PBXFileReference; fileEncoding = 4; lastKnownFileType = sourcecode.swift; path = NavySailor.swift; sourceTree = "<group>"; };
/* End PBXFileReference section */

/* Begin PBXFrameworksBuildPhase section */
		D74B6CE91AB1853000AFDC66 /* Frameworks */ = {
			isa = PBXFrameworksBuildPhase;
			buildActionMask = 2147483647;
			files = (
			);
			runOnlyForDeploymentPostprocessing = 0;
		};
		D74B6CFE1AB1853000AFDC66 /* Frameworks */ = {
			isa = PBXFrameworksBuildPhase;
			buildActionMask = 2147483647;
			files = (
			);
			runOnlyForDeploymentPostprocessing = 0;
		};
/* End PBXFrameworksBuildPhase section */

/* Begin PBXGroup section */
		D74B6CE31AB1853000AFDC66 = {
			isa = PBXGroup;
			children = (
				D74B6CEE1AB1853000AFDC66 /* GoodVSBad */,
				D74B6D041AB1853000AFDC66 /* GoodVSBadTests */,
				D74B6CED1AB1853000AFDC66 /* Products */,
			);
			sourceTree = "<group>";
		};
		D74B6CED1AB1853000AFDC66 /* Products */ = {
			isa = PBXGroup;
			children = (
				D74B6CEC1AB1853000AFDC66 /* GoodVSBad.app */,
				D74B6D011AB1853000AFDC66 /* GoodVSBadTests.xctest */,
			);
			name = Products;
			sourceTree = "<group>";
		};
		D74B6CEE1AB1853000AFDC66 /* GoodVSBad */ = {
			isa = PBXGroup;
			children = (
				D74B6D111AB1853900AFDC66 /* Models */,
				D74B6CF11AB1853000AFDC66 /* AppDelegate.swift */,
				D74B6CF31AB1853000AFDC66 /* ViewController.swift */,
				BF41DD721AB193F700B6A7DE /* MyTableViewController.swift */,
				D74B6CF51AB1853000AFDC66 /* Main.storyboard */,
				D74B6CF81AB1853000AFDC66 /* Images.xcassets */,
				D74B6CFA1AB1853000AFDC66 /* LaunchScreen.xib */,
				D74B6CEF1AB1853000AFDC66 /* Supporting Files */,
			);
			path = GoodVSBad;
			sourceTree = "<group>";
		};
		D74B6CEF1AB1853000AFDC66 /* Supporting Files */ = {
			isa = PBXGroup;
			children = (
				D74B6CF01AB1853000AFDC66 /* Info.plist */,
			);
			name = "Supporting Files";
			sourceTree = "<group>";
		};
		D74B6D041AB1853000AFDC66 /* GoodVSBadTests */ = {
			isa = PBXGroup;
			children = (
				D74B6D071AB1853000AFDC66 /* GoodVSBadTests.swift */,
				D74B6D051AB1853000AFDC66 /* Supporting Files */,
			);
			path = GoodVSBadTests;
			sourceTree = "<group>";
		};
		D74B6D051AB1853000AFDC66 /* Supporting Files */ = {
			isa = PBXGroup;
			children = (
				D74B6D061AB1853000AFDC66 /* Info.plist */,
			);
			name = "Supporting Files";
			sourceTree = "<group>";
		};
		D74B6D111AB1853900AFDC66 /* Models */ = {
			isa = PBXGroup;
			children = (
				D74B6D121AB1854E00AFDC66 /* Player.swift */,
				D74B6D141AB1856400AFDC66 /* GoodGuy.swift */,
				D74B6D161AB1857A00AFDC66 /* BadGuy.swift */,
				D74B6D181AB1858F00AFDC66 /* Pirate.swift */,
				D74B6D1A1AB185A500AFDC66 /* SuperVillain.swift */,
				D74B6D1C1AB185B500AFDC66 /* SuperHero.swift */,
				D74B6D1E1AB185C400AFDC66 /* NavySailor.swift */,
			);
			name = Models;
			sourceTree = "<group>";
		};
/* End PBXGroup section */

/* Begin PBXNativeTarget section */
		D74B6CEB1AB1853000AFDC66 /* GoodVSBad */ = {
			isa = PBXNativeTarget;
			buildConfigurationList = D74B6D0B1AB1853000AFDC66 /* Build configuration list for PBXNativeTarget "GoodVSBad" */;
			buildPhases = (
				D74B6CE81AB1853000AFDC66 /* Sources */,
				D74B6CE91AB1853000AFDC66 /* Frameworks */,
				D74B6CEA1AB1853000AFDC66 /* Resources */,
			);
			buildRules = (
			);
			dependencies = (
			);
			name = GoodVSBad;
			productName = GoodVSBad;
			productReference = D74B6CEC1AB1853000AFDC66 /* GoodVSBad.app */;
			productType = "com.apple.product-type.application";
		};
		D74B6D001AB1853000AFDC66 /* GoodVSBadTests */ = {
			isa = PBXNativeTarget;
			buildConfigurationList = D74B6D0E1AB1853000AFDC66 /* Build configuration list for PBXNativeTarget "GoodVSBadTests" */;
			buildPhases = (
				D74B6CFD1AB1853000AFDC66 /* Sources */,
				D74B6CFE1AB1853000AFDC66 /* Frameworks */,
				D74B6CFF1AB1853000AFDC66 /* Resources */,
			);
			buildRules = (
			);
			dependencies = (
				D74B6D031AB1853000AFDC66 /* PBXTargetDependency */,
			);
			name = GoodVSBadTests;
			productName = GoodVSBadTests;
			productReference = D74B6D011AB1853000AFDC66 /* GoodVSBadTests.xctest */;
			productType = "com.apple.product-type.bundle.unit-test";
		};
/* End PBXNativeTarget section */

/* Begin PBXProject section */
		D74B6CE41AB1853000AFDC66 /* Project object */ = {
			isa = PBXProject;
			attributes = {
				LastUpgradeCheck = 0610;
				ORGANIZATIONNAME = "ACME Inc";
				TargetAttributes = {
					D74B6CEB1AB1853000AFDC66 = {
						CreatedOnToolsVersion = 6.1.1;
					};
					D74B6D001AB1853000AFDC66 = {
						CreatedOnToolsVersion = 6.1.1;
						TestTargetID = D74B6CEB1AB1853000AFDC66;
					};
				};
			};
			buildConfigurationList = D74B6CE71AB1853000AFDC66 /* Build configuration list for PBXProject "GoodVSBad" */;
			compatibilityVersion = "Xcode 3.2";
			developmentRegion = English;
			hasScannedForEncodings = 0;
			knownRegions = (
				en,
				Base,
			);
			mainGroup = D74B6CE31AB1853000AFDC66;
			productRefGroup = D74B6CED1AB1853000AFDC66 /* Products */;
			projectDirPath = "";
			projectRoot = "";
			targets = (
				D74B6CEB1AB1853000AFDC66 /* GoodVSBad */,
				D74B6D001AB1853000AFDC66 /* GoodVSBadTests */,
			);
		};
/* End PBXProject section */

/* Begin PBXResourcesBuildPhase section */
		D74B6CEA1AB1853000AFDC66 /* Resources */ = {
			isa = PBXResourcesBuildPhase;
			buildActionMask = 2147483647;
			files = (
				D74B6CF71AB1853000AFDC66 /* Main.storyboard in Resources */,
				D74B6CFC1AB1853000AFDC66 /* LaunchScreen.xib in Resources */,
				D74B6CF91AB1853000AFDC66 /* Images.xcassets in Resources */,
			);
			runOnlyForDeploymentPostprocessing = 0;
		};
		D74B6CFF1AB1853000AFDC66 /* Resources */ = {
			isa = PBXResourcesBuildPhase;
			buildActionMask = 2147483647;
			files = (
			);
			runOnlyForDeploymentPostprocessing = 0;
		};
/* End PBXResourcesBuildPhase section */

/* Begin PBXSourcesBuildPhase section */
		D74B6CE81AB1853000AFDC66 /* Sources */ = {
			isa = PBXSourcesBuildPhase;
			buildActionMask = 2147483647;
			files = (
				D74B6D191AB1858F00AFDC66 /* Pirate.swift in Sources */,
				D74B6CF41AB1853000AFDC66 /* ViewController.swift in Sources */,
				D74B6D131AB1854E00AFDC66 /* Player.swift in Sources */,
				BF41DD731AB193F700B6A7DE /* MyTableViewController.swift in Sources */,
				D74B6D151AB1856400AFDC66 /* GoodGuy.swift in Sources */,
				D74B6D171AB1857A00AFDC66 /* BadGuy.swift in Sources */,
				D74B6CF21AB1853000AFDC66 /* AppDelegate.swift in Sources */,
				D74B6D1B1AB185A500AFDC66 /* SuperVillain.swift in Sources */,
				D74B6D1F1AB185C400AFDC66 /* NavySailor.swift in Sources */,
				D74B6D1D1AB185B500AFDC66 /* SuperHero.swift in Sources */,
			);
			runOnlyForDeploymentPostprocessing = 0;
		};
		D74B6CFD1AB1853000AFDC66 /* Sources */ = {
			isa = PBXSourcesBuildPhase;
			buildActionMask = 2147483647;
			files = (
				D74B6D081AB1853000AFDC66 /* GoodVSBadTests.swift in Sources */,
			);
			runOnlyForDeploymentPostprocessing = 0;
		};
/* End PBXSourcesBuildPhase section */

/* Begin PBXTargetDependency section */
		D74B6D031AB1853000AFDC66 /* PBXTargetDependency */ = {
			isa = PBXTargetDependency;
			target = D74B6CEB1AB1853000AFDC66 /* GoodVSBad */;
			targetProxy = D74B6D021AB1853000AFDC66 /* PBXContainerItemProxy */;
		};
/* End PBXTargetDependency section */

/* Begin PBXVariantGroup section */
		D74B6CF51AB1853000AFDC66 /* Main.storyboard */ = {
			isa = PBXVariantGroup;
			children = (
				D74B6CF61AB1853000AFDC66 /* Base */,
			);
			name = Main.storyboard;
			sourceTree = "<group>";
		};
		D74B6CFA1AB1853000AFDC66 /* LaunchScreen.xib */ = {
			isa = PBXVariantGroup;
			children = (
				D74B6CFB1AB1853000AFDC66 /* Base */,
			);
			name = LaunchScreen.xib;
			sourceTree = "<group>";
		};
/* End PBXVariantGroup section */

/* Begin XCBuildConfiguration section */
		D74B6D091AB1853000AFDC66 /* Debug */ = {
			isa = XCBuildConfiguration;
			buildSettings = {
				ALWAYS_SEARCH_USER_PATHS = NO;
				CLANG_CXX_LANGUAGE_STANDARD = "gnu++0x";
				CLANG_CXX_LIBRARY = "libc++";
				CLANG_ENABLE_MODULES = YES;
				CLANG_ENABLE_OBJC_ARC = YES;
				CLANG_WARN_BOOL_CONVERSION = YES;
				CLANG_WARN_CONSTANT_CONVERSION = YES;
				CLANG_WARN_DIRECT_OBJC_ISA_USAGE = YES_ERROR;
				CLANG_WARN_EMPTY_BODY = YES;
				CLANG_WARN_ENUM_CONVERSION = YES;
				CLANG_WARN_INT_CONVERSION = YES;
				CLANG_WARN_OBJC_ROOT_CLASS = YES_ERROR;
				CLANG_WARN_UNREACHABLE_CODE = YES;
				CLANG_WARN__DUPLICATE_METHOD_MATCH = YES;
				"CODE_SIGN_IDENTITY[sdk=iphoneos*]" = "iPhone Developer";
				COPY_PHASE_STRIP = NO;
				ENABLE_STRICT_OBJC_MSGSEND = YES;
				GCC_C_LANGUAGE_STANDARD = gnu99;
				GCC_DYNAMIC_NO_PIC = NO;
				GCC_OPTIMIZATION_LEVEL = 0;
				GCC_PREPROCESSOR_DEFINITIONS = (
					"DEBUG=1",
					"$(inherited)",
				);
				GCC_SYMBOLS_PRIVATE_EXTERN = NO;
				GCC_WARN_64_TO_32_BIT_CONVERSION = YES;
				GCC_WARN_ABOUT_RETURN_TYPE = YES_ERROR;
				GCC_WARN_UNDECLARED_SELECTOR = YES;
				GCC_WARN_UNINITIALIZED_AUTOS = YES_AGGRESSIVE;
				GCC_WARN_UNUSED_FUNCTION = YES;
				GCC_WARN_UNUSED_VARIABLE = YES;
				IPHONEOS_DEPLOYMENT_TARGET = 8.1;
				MTL_ENABLE_DEBUG_INFO = YES;
				ONLY_ACTIVE_ARCH = YES;
				SDKROOT = iphoneos;
				SWIFT_OPTIMIZATION_LEVEL = "-Onone";
				TARGETED_DEVICE_FAMILY = "1,2";
			};
			name = Debug;
		};
		D74B6D0A1AB1853000AFDC66 /* Release */ = {
			isa = XCBuildConfiguration;
			buildSettings = {
				ALWAYS_SEARCH_USER_PATHS = NO;
				CLANG_CXX_LANGUAGE_STANDARD = "gnu++0x";
				CLANG_CXX_LIBRARY = "libc++";
				CLANG_ENABLE_MODULES = YES;
				CLANG_ENABLE_OBJC_ARC = YES;
				CLANG_WARN_BOOL_CONVERSION = YES;
				CLANG_WARN_CONSTANT_CONVERSION = YES;
				CLANG_WARN_DIRECT_OBJC_ISA_USAGE = YES_ERROR;
				CLANG_WARN_EMPTY_BODY = YES;
				CLANG_WARN_ENUM_CONVERSION = YES;
				CLANG_WARN_INT_CONVERSION = YES;
				CLANG_WARN_OBJC_ROOT_CLASS = YES_ERROR;
				CLANG_WARN_UNREACHABLE_CODE = YES;
				CLANG_WARN__DUPLICATE_METHOD_MATCH = YES;
				"CODE_SIGN_IDENTITY[sdk=iphoneos*]" = "iPhone Developer";
				COPY_PHASE_STRIP = YES;
				ENABLE_NS_ASSERTIONS = NO;
				ENABLE_STRICT_OBJC_MSGSEND = YES;
				GCC_C_LANGUAGE_STANDARD = gnu99;
				GCC_WARN_64_TO_32_BIT_CONVERSION = YES;
				GCC_WARN_ABOUT_RETURN_TYPE = YES_ERROR;
				GCC_WARN_UNDECLARED_SELECTOR = YES;
				GCC_WARN_UNINITIALIZED_AUTOS = YES_AGGRESSIVE;
				GCC_WARN_UNUSED_FUNCTION = YES;
				GCC_WARN_UNUSED_VARIABLE = YES;
				IPHONEOS_DEPLOYMENT_TARGET = 8.1;
				MTL_ENABLE_DEBUG_INFO = NO;
				SDKROOT = iphoneos;
				TARGETED_DEVICE_FAMILY = "1,2";
				VALIDATE_PRODUCT = YES;
			};
			name = Release;
		};
		D74B6D0C1AB1853000AFDC66 /* Debug */ = {
			isa = XCBuildConfiguration;
			buildSettings = {
				ASSETCATALOG_COMPILER_APPICON_NAME = AppIcon;
				INFOPLIST_FILE = GoodVSBad/Info.plist;
				LD_RUNPATH_SEARCH_PATHS = "$(inherited) @executable_path/Frameworks";
				PRODUCT_NAME = "$(TARGET_NAME)";
			};
			name = Debug;
		};
		D74B6D0D1AB1853000AFDC66 /* Release */ = {
			isa = XCBuildConfiguration;
			buildSettings = {
				ASSETCATALOG_COMPILER_APPICON_NAME = AppIcon;
				INFOPLIST_FILE = GoodVSBad/Info.plist;
				LD_RUNPATH_SEARCH_PATHS = "$(inherited) @executable_path/Frameworks";
				PRODUCT_NAME = "$(TARGET_NAME)";
			};
			name = Release;
		};
		D74B6D0F1AB1853000AFDC66 /* Debug */ = {
			isa = XCBuildConfiguration;
			buildSettings = {
				BUNDLE_LOADER = "$(TEST_HOST)";
				FRAMEWORK_SEARCH_PATHS = (
					"$(SDKROOT)/Developer/Library/Frameworks",
					"$(inherited)",
				);
				GCC_PREPROCESSOR_DEFINITIONS = (
					"DEBUG=1",
					"$(inherited)",
				);
				INFOPLIST_FILE = GoodVSBadTests/Info.plist;
				LD_RUNPATH_SEARCH_PATHS = "$(inherited) @executable_path/Frameworks @loader_path/Frameworks";
				PRODUCT_NAME = "$(TARGET_NAME)";
				TEST_HOST = "$(BUILT_PRODUCTS_DIR)/GoodVSBad.app/GoodVSBad";
			};
			name = Debug;
		};
		D74B6D101AB1853000AFDC66 /* Release */ = {
			isa = XCBuildConfiguration;
			buildSettings = {
				BUNDLE_LOADER = "$(TEST_HOST)";
				FRAMEWORK_SEARCH_PATHS = (
					"$(SDKROOT)/Developer/Library/Frameworks",
					"$(inherited)",
				);
				INFOPLIST_FILE = GoodVSBadTests/Info.plist;
				LD_RUNPATH_SEARCH_PATHS = "$(inherited) @executable_path/Frameworks @loader_path/Frameworks";
				PRODUCT_NAME = "$(TARGET_NAME)";
				TEST_HOST = "$(BUILT_PRODUCTS_DIR)/GoodVSBad.app/GoodVSBad";
			};
			name = Release;
		};
/* End XCBuildConfiguration section */

/* Begin XCConfigurationList section */
		D74B6CE71AB1853000AFDC66 /* Build configuration list for PBXProject "GoodVSBad" */ = {
			isa = XCConfigurationList;
			buildConfigurations = (
				D74B6D091AB1853000AFDC66 /* Debug */,
				D74B6D0A1AB1853000AFDC66 /* Release */,
			);
			defaultConfigurationIsVisible = 0;
			defaultConfigurationName = Release;
		};
		D74B6D0B1AB1853000AFDC66 /* Build configuration list for PBXNativeTarget "GoodVSBad" */ = {
			isa = XCConfigurationList;
			buildConfigurations = (
				D74B6D0C1AB1853000AFDC66 /* Debug */,
				D74B6D0D1AB1853000AFDC66 /* Release */,
			);
			defaultConfigurationIsVisible = 0;
			defaultConfigurationName = Release;
		};
		D74B6D0E1AB1853000AFDC66 /* Build configuration list for PBXNativeTarget "GoodVSBadTests" */ = {
			isa = XCConfigurationList;
			buildConfigurations = (
				D74B6D0F1AB1853000AFDC66 /* Debug */,
				D74B6D101AB1853000AFDC66 /* Release */,
			);
			defaultConfigurationIsVisible = 0;
			defaultConfigurationName = Release;
		};
/* End XCConfigurationList section */
	};
	rootObject = D74B6CE41AB1853000AFDC66 /* Project object */;
}
